
Microsoft Visual Studio Solution File, Format Version 12.00
# Visual Studio 15
VisualStudioVersion = 15.0.28307.329
MinimumVisualStudioVersion = 10.0.40219.1
Project("{159641D6-6404-4A2A-AE62-294DE0FE8301}") = "Prueba control trafico", "Prueba control trafico\Prueba control trafico.dtproj", "{546171F7-7858-4DEE-8D0F-9FCB689D4107}"
EndProject
Global
	GlobalSection(SolutionConfigurationPlatforms) = preSolution
		Development|Default = Development|Default
	EndGlobalSection
	GlobalSection(ProjectConfigurationPlatforms) = postSolution
		{546171F7-7858-4DEE-8D0F-9FCB689D4107}.Development|Default.ActiveCfg = Development
		{546171F7-7858-4DEE-8D0F-9FCB689D4107}.Development|Default.Build.0 = Development
	EndGlobalSection
	GlobalSection(SolutionProperties) = preSolution
		HideSolutionNode = FALSE
	EndGlobalSection
	GlobalSection(ExtensibilityGlobals) = postSolution
		SolutionGuid = {95EE8197-1066-4875-9864-A5D383991C49}
	EndGlobalSection
EndGlobal
